
Microsoft Visual Studio Solution File, Format Version 12.00
Project("{FAE04EC0-301F-11D3-BF4B-00C04F79EFBC}") = "VisitorsPlacement_20_BusinessLogic", "VisitorsPlacement_20_BusinessLogic\VisitorsPlacement_20_BusinessLogic.csproj", "{BD01A166-6AB4-48B2-8A36-355ADEB2565D}"
EndProject
Project("{FAE04EC0-301F-11D3-BF4B-00C04F79EFBC}") = "VisitorsPlacement_UnitTests", "VisitorsPlacement_UnitTests\VisitorsPlacement_UnitTests.csproj", "{FBB35AC4-B94D-484E-B068-045432FF9655}"
EndProject
Global
	GlobalSection(SolutionConfigurationPlatforms) = preSolution
		Debug|Any CPU = Debug|Any CPU
		Release|Any CPU = Release|Any CPU
	EndGlobalSection
	GlobalSection(ProjectConfigurationPlatforms) = postSolution
		{BD01A166-6AB4-48B2-8A36-355ADEB2565D}.Debug|Any CPU.ActiveCfg = Debug|Any CPU
		{BD01A166-6AB4-48B2-8A36-355ADEB2565D}.Debug|Any CPU.Build.0 = Debug|Any CPU
		{BD01A166-6AB4-48B2-8A36-355ADEB2565D}.Release|Any CPU.ActiveCfg = Release|Any CPU
		{BD01A166-6AB4-48B2-8A36-355ADEB2565D}.Release|Any CPU.Build.0 = Release|Any CPU
		{FBB35AC4-B94D-484E-B068-045432FF9655}.Debug|Any CPU.ActiveCfg = Debug|Any CPU
		{FBB35AC4-B94D-484E-B068-045432FF9655}.Debug|Any CPU.Build.0 = Debug|Any CPU
		{FBB35AC4-B94D-484E-B068-045432FF9655}.Release|Any CPU.ActiveCfg = Release|Any CPU
		{FBB35AC4-B94D-484E-B068-045432FF9655}.Release|Any CPU.Build.0 = Release|Any CPU
	EndGlobalSection
EndGlobal
